# This file is automatically @generated by Poetry 2.3.2 and should not be changed by hand.

[[package]]
name = "et-xmlfile"
version = "2.0.0"
description = "An implementation of lxml.xmlfile for the standard library"
optional = false
python-versions = ">=3.8"
groups = ["main"]
files = [
    {file = "et_xmlfile-2.0.0-py3-none-any.whl", hash = "sha256:7a91720bc756843502c3b7504c77b8fe44217c85c537d85037f0f536151b2caa"},
    {file = "et_xmlfile-2.0.0.tar.gz", hash = "sha256:dab3f4764309081ce75662649be815c4c9081e88f0837825f90fd28317d4da54"},
]

[[package]]
name = "markdown-it-py"
version = "4.0.0"
description = "Python port of markdown-it. Markdown parsing, done right!"
optional = false
python-versions = ">=3.10"
groups = ["main"]
files = [
    {file = "markdown_it_py-4.0.0-py3-none-any.whl", hash = "sha256:87327c59b172c5011896038353a81343b6754500a08cd7a4973bb48c6d578147"},
    {file = "markdown_it_py-4.0.0.tar.gz", hash = "sha256:cb0a2b4aa34f932c007117b194e945bd74e0ec24133ceb5bac59009cda1cb9f3"},
]

[package.dependencies]
mdurl = ">=0.1,<1.0"

[package.extras]
benchmarking = ["psutil", "pytest", "pytest-benchmark"]
compare = ["commonmark (>=0.9,<1.0)", "markdown (>=3.4,<4.0)", "markdown-it-pyrs", "mistletoe (>=1.0,<2.0)", "mistune (>=3.0,<4.0)", "panflute (>=2.3,<3.0)"]
linkify = ["linkify-it-py (>=1,<3)"]
plugins = ["mdit-py-plugins (>=0.5.0)"]
profiling = ["gprof2dot"]
rtd = ["ipykernel", "jupyter_sphinx", "mdit-py-plugins (>=0.5.0)", "myst-parser", "pyyaml", "sphinx", "sphinx-book-theme (>=1.0,<2.0)", "sphinx-copybutton", "sphinx-design"]
testing = ["coverage", "pytest", "pytest-cov", "pytest-regressions", "requests"]

[[package]]
name = "mdurl"
version = "0.1.2"
description = "Markdown URL utilities"
optional = false
python-versions = ">=3.7"
groups = ["main"]
files = [
    {file = "mdurl-0.1.2-py3-none-any.whl", hash = "sha256:84008a41e51615a49fc9966191ff91509e3c40b939176e643fd50a5c2196b8f8"},
    {file = "mdurl-0.1.2.tar.gz", hash = "sha256:bb413d29f5eea38f31dd4754dd7377d4465116fb207585f97bf925588687c1ba"},
]

[[package]]
name = "openpyxl"
version = "3.1.5"
description = "A Python library to read/write Excel 2010 xlsx/xlsm files"
optional = false
python-versions = ">=3.8"
groups = ["main"]
files = [
    {file = "openpyxl-3.1.5-py2.py3-none-any.whl", hash = "sha256:5282c12b107bffeef825f4617dc029afaf41d0ea60823bbb665ef3079dc79de2"},
    {file = "openpyxl-3.1.5.tar.gz", hash = "sha256:cf0e3cf56142039133628b5acffe8ef0c12bc902d2aadd3e0fe5878dc08d1050"},
]

[package.dependencies]
et-xmlfile = "*"

[[package]]
name = "prompt-toolkit"
version = "3.0.52"
description = "Library for building powerful interactive command lines in Python"
optional = false
python-versions = ">=3.8"
groups = ["main"]
files = [
    {file = "prompt_toolkit-3.0.52-py3-none-any.whl", hash = "sha256:9aac639a3bbd33284347de5ad8d68ecc044b91a762dc39b7c21095fcd6a19955"},
    {file = "prompt_toolkit-3.0.52.tar.gz", hash = "sha256:28cde192929c8e7321de85de1ddbe736f1375148b02f2e17edd840042b1be855"},
]

[package.dependencies]
wcwidth = "*"

[[package]]
name = "pygments"
version = "2.19.2"
description = "Pygments is a syntax highlighting package written in Python."
optional = false
python-versions = ">=3.8"
groups = ["main"]
files = [
    {file = "pygments-2.19.2-py3-none-any.whl", hash = "sha256:86540386c03d588bb81d44bc3928634ff26449851e99741617ecb9037ee5ec0b"},
    {file = "pygments-2.19.2.tar.gz", hash = "sha256:636cb2477cec7f8952536970bc533bc43743542f70392ae026374600add5b887"},
]

[package.extras]
windows-terminal = ["colorama (>=0.4.6)"]

[[package]]
name = "python-dotenv"
version = "1.2.1"
description = "Read key-value pairs from a .env file and set them as environment variables"
optional = false
python-versions = ">=3.9"
groups = ["main"]
files = [
    {file = "python_dotenv-1.2.1-py3-none-any.whl", hash = "sha256:b81ee9561e9ca4004139c6cbba3a238c32b03e4894671e181b671e8cb8425d61"},
    {file = "python_dotenv-1.2.1.tar.gz", hash = "sha256:42667e897e16ab0d66954af0e60a9caa94f0fd4ecf3aaf6d2d260eec1aa36ad6"},
]

[package.extras]
cli = ["click (>=5.0)"]

[[package]]
name = "pywry"
version = "0.6.2"
description = ""
optional = false
python-versions = ">=3.8"
groups = ["main"]
files = [
    {file = "pywry-0.6.2-py3-none-macosx_10_9_x86_64.macosx_11_0_arm64.macosx_10_9_universal2.whl", hash = "sha256:45d6bb827bf76b2532a9d70b539209d70f37dfb13e9862549b7bff8500ad2495"},
    {file = "pywry-0.6.2-py3-none-manylinux_2_28_x86_64.whl", hash = "sha256:1d9ffd826a3a08c132843340e6d896efb7b972b301d045e3239a7dc08d9cac2f"},
    {file = "pywry-0.6.2-py3-none-win_amd64.whl", hash = "sha256:4f0e5b502555ee8b8e799baeaebe63243a84b7ce51df01a1c439dbc4e8227b9e"},
    {file = "pywry-0.6.2.tar.gz", hash = "sha256:9bd88c36ab0860728d9e64360010f8abcede43645656030e4a63e69e81a98c95"},
]

[package.dependencies]
setproctitle = "*"

[package.extras]
dev = ["auditwheel", "wheel"]

[[package]]
name = "rich"
version = "14.3.2"
description = "Render rich text, tables, progress bars, syntax highlighting, markdown and more to the terminal"
optional = false
python-versions = ">=3.8.0"
groups = ["main"]
files = [
    {file = "rich-14.3.2-py3-none-any.whl", hash = "sha256:08e67c3e90884651da3239ea668222d19bea7b589149d8014a21c633420dbb69"},
    {file = "rich-14.3.2.tar.gz", hash = "sha256:e712f11c1a562a11843306f5ed999475f09ac31ffb64281f73ab29ffdda8b3b8"},
]

[package.dependencies]
markdown-it-py = ">=2.2.0"
pygments = ">=2.13.0,<3.0.0"

[package.extras]
jupyter = ["ipywidgets (>=7.5.1,<9)"]

[[package]]
name = "setproctitle"
version = "1.3.7"
description = "A Python module to customize the process title"
optional = false
python-versions = ">=3.8"
groups = ["main"]
files = [
    {file = "setproctitle-1.3.7-cp310-cp310-macosx_10_9_universal2.whl", hash = "sha256:cf555b6299f10a6eb44e4f96d2f5a3884c70ce25dc5c8796aaa2f7b40e72cb1b"},
    {file = "setproctitle-1.3.7-cp310-cp310-macosx_11_0_arm64.whl", hash = "sha256:690b4776f9c15aaf1023bb07d7c5b797681a17af98a4a69e76a1d504e41108b7"},
    {file = "setproctitle-1.3.7-cp310-cp310-manylinux1_x86_64.manylinux_2_28_x86_64.manylinux_2_5_x86_64.whl", hash = "sha256:00afa6fc507967d8c9d592a887cdc6c1f5742ceac6a4354d111ca0214847732c"},
    {file = "setproctitle-1.3.7-cp310-cp310-manylinux2014_aarch64.manylinux_2_17_aarch64.manylinux_2_28_aarch64.whl", hash = "sha256:9e02667f6b9fc1238ba753c0f4b0a37ae184ce8f3bbbc38e115d99646b3f4cd3"},
    {file = "setproctitle-1.3.7-cp310-cp310-manylinux2014_ppc64le.manylinux_2_17_ppc64le.manylinux_2_28_ppc64le.whl", hash = "sha256:83fcd271567d133eb9532d3b067c8a75be175b2b3b271e2812921a05303a693f"},
    {file = "setproctitle-1.3.7-cp310-cp310-musllinux_1_2_aarch64.whl", hash = "sha256:13fe37951dda1a45c35d77d06e3da5d90e4f875c4918a7312b3b4556cfa7ff64"},
    {file = "setproctitle-1.3.7-cp310-cp310-musllinux_1_2_ppc64le.whl", hash = "sha256:a05509cfb2059e5d2ddff701d38e474169e9ce2a298cf1b6fd5f3a213a553fe5"},
    {file = "setproctitle-1.3.7-cp310-cp310-musllinux_1_2_x86_64.whl", hash = "sha256:6da835e76ae18574859224a75db6e15c4c2aaa66d300a57efeaa4c97ca4c7381"},
    {file = "setproctitle-1.3.7-cp310-cp310-win32.whl", hash = "sha256:9e803d1b1e20240a93bac0bc1025363f7f80cb7eab67dfe21efc0686cc59ad7c"},
    {file = "setproctitle-1.3.7-cp310-cp310-win_amd64.whl", hash = "sha256:a97200acc6b64ec4cada52c2ecaf1fba1ef9429ce9c542f8a7db5bcaa9dcbd95"},
    {file = "setproctitle-1.3.7-cp311-cp311-macosx_10_9_universal2.whl", hash = "sha256:a600eeb4145fb0ee6c287cb82a2884bd4ec5bbb076921e287039dcc7b7cc6dd0"},
    {file = "setproctitle-1.3.7-cp311-cp311-macosx_11_0_arm64.whl", hash = "sha256:97a090fed480471bb175689859532709e28c085087e344bca45cf318034f70c4"},
    {file = "setproctitle-1.3.7-cp311-cp311-manylinux1_x86_64.manylinux_2_28_x86_64.manylinux_2_5_x86_64.whl", hash = "sha256:1607b963e7b53e24ec8a2cb4e0ab3ae591d7c6bf0a160feef0551da63452b37f"},
    {file = "setproctitle-1.3.7-cp311-cp311-manylinux2014_aarch64.manylinux_2_17_aarch64.manylinux_2_28_aarch64.whl", hash = "sha256:a20fb1a3974e2dab857870cf874b325b8705605cb7e7e8bcbb915bca896f52a9"},
    {file = "setproctitle-1.3.7-cp311-cp311-manylinux2014_ppc64le.manylinux_2_17_ppc64le.manylinux_2_28_ppc64le.whl", hash = "sha256:f8d961bba676e07d77665204f36cffaa260f526e7b32d07ab3df6a2c1dfb44ba"},
    {file = "setproctitle-1.3.7-cp311-cp311-musllinux_1_2_aarch64.whl", hash = "sha256:db0fd964fbd3a9f8999b502f65bd2e20883fdb5b1fae3a424e66db9a793ed307"},
    {file = "setproctitle-1.3.7-cp311-cp311-musllinux_1_2_ppc64le.whl", hash = "sha256:db116850fcf7cca19492030f8d3b4b6e231278e8fe097a043957d22ce1bdf3ee"},
    {file = "setproctitle-1.3.7-cp311-cp311-musllinux_1_2_x86_64.whl", hash = "sha256:316664d8b24a5c91ee244460bdaf7a74a707adaa9e14fbe0dc0a53168bb9aba1"},
    {file = "setproctitle-1.3.7-cp311-cp311-win32.whl", hash = "sha256:b74774ca471c86c09b9d5037c8451fff06bb82cd320d26ae5a01c758088c0d5d"},
    {file = "setproctitle-1.3.7-cp311-cp311-win_amd64.whl", hash = "sha256:acb9097213a8dd3410ed9f0dc147840e45ca9797785272928d4be3f0e69e3be4"},
    {file = "setproctitle-1.3.7-cp312-cp312-macosx_10_13_universal2.whl", hash = "sha256:2dc99aec591ab6126e636b11035a70991bc1ab7a261da428491a40b84376654e"},
    {file = "setproctitle-1.3.7-cp312-cp312-macosx_11_0_arm64.whl", hash = "sha256:cdd8aa571b7aa39840fdbea620e308a19691ff595c3a10231e9ee830339dd798"},
    {file = "setproctitle-1.3.7-cp312-cp312-manylinux1_x86_64.manylinux_2_28_x86_64.manylinux_2_5_x86_64.whl", hash = "sha256:2906b6c7959cdb75f46159bf0acd8cc9906cf1361c9e1ded0d065fe8f9039629"},
    {file = "setproctitle-1.3.7-cp312-cp312-manylinux2014_aarch64.manylinux_2_17_aarch64.manylinux_2_28_aarch64.whl", hash = "sha256:6915964a6dda07920a1159321dcd6d94fc7fc526f815ca08a8063aeca3c204f1"},
    {file = "setproctitle-1.3.7-cp312-cp312-manylinux2014_ppc64le.manylinux_2_17_ppc64le.manylinux_2_28_ppc64le.whl", hash = "sha256:cff72899861c765bd4021d1ff1c68d60edc129711a2fdba77f9cb69ef726a8b6"},
    {file = "setproctitle-1.3.7-cp312-cp312-musllinux_1_2_aarch64.whl", hash = "sha256:b7cb05bd446687ff816a3aaaf831047fc4c364feff7ada94a66024f1367b448c"},
    {file = "setproctitle-1.3.7-cp312-cp312-musllinux_1_2_ppc64le.whl", hash = "sha256:3a57b9a00de8cae7e2a1f7b9f0c2ac7b69372159e16a7708aa2f38f9e5cc987a"},
    {file = "setproctitle-1.3.7-cp312-cp312-musllinux_1_2_x86_64.whl", hash = "sha256:d8828b356114f6b308b04afe398ed93803d7fca4a955dd3abe84430e28d33739"},
    {file = "setproctitle-1.3.7-cp312-cp312-win32.whl", hash = "sha256:b0304f905efc845829ac2bc791ddebb976db2885f6171f4a3de678d7ee3f7c9f"},
    {file = "setproctitle-1.3.7-cp312-cp312-win_amd64.whl", hash = "sha256:9888ceb4faea3116cf02a920ff00bfbc8cc899743e4b4ac914b03625bdc3c300"},
    {file = "setproctitle-1.3.7-cp313-cp313-macosx_10_13_universal2.whl", hash = "sha256:c3736b2a423146b5e62230502e47e08e68282ff3b69bcfe08a322bee73407922"},
    {file = "setproctitle-1.3.7-cp313-cp313-macosx_11_0_arm64.whl", hash = "sha256:3384e682b158d569e85a51cfbde2afd1ab57ecf93ea6651fe198d0ba451196ee"},
    {file = "setproctitle-1.3.7-cp313-cp313-manylinux1_x86_64.manylinux_2_28_x86_64.manylinux_2_5_x86_64.whl", hash = "sha256:0564a936ea687cd24dffcea35903e2a20962aa6ac20e61dd3a207652401492dd"},
    {file = "setproctitle-1.3.7-cp313-cp313-manylinux2014_aarch64.manylinux_2_17_aarch64.manylinux_2_28_aarch64.whl", hash = "sha256:a5d1cb3f81531f0eb40e13246b679a1bdb58762b170303463cb06ecc296f26d0"},
    {file = "setproctitle-1.3.7-cp313-cp313-manylinux2014_ppc64le.manylinux_2_17_ppc64le.manylinux_2_28_ppc64le.whl", hash = "sha256:a7d159e7345f343b44330cbba9194169b8590cb13dae940da47aa36a72aa9929"},
    {file = "setproctitle-1.3.7-cp313-cp313-musllinux_1_2_aarch64.whl", hash = "sha256:0b5074649797fd07c72ca1f6bff0406f4a42e1194faac03ecaab765ce605866f"},
    {file = "setproctitle-1.3.7-cp313-cp313-musllinux_1_2_ppc64le.whl", hash = "sha256:61e96febced3f61b766115381d97a21a6265a0f29188a791f6df7ed777aef698"},
    {file = "setproctitle-1.3.7-cp313-cp313-musllinux_1_2_x86_64.whl", hash = "sha256:047138279f9463f06b858e579cc79580fbf7a04554d24e6bddf8fe5dddbe3d4c"},
    {file = "setproctitle-1.3.7-cp313-cp313-win32.whl", hash = "sha256:7f47accafac7fe6535ba8ba9efd59df9d84a6214565108d0ebb1199119c9cbbd"},
    {file = "setproctitle-1.3.7-cp313-cp313-win_amd64.whl", hash = "sha256:fe5ca35aeec6dc50cabab9bf2d12fbc9067eede7ff4fe92b8f5b99d92e21263f"},
    {file = "setproctitle-1.3.7-cp313-cp313t-macosx_10_13_universal2.whl", hash = "sha256:10e92915c4b3086b1586933a36faf4f92f903c5554f3c34102d18c7d3f5378e9"},
    {file = "setproctitle-1.3.7-cp313-cp313t-macosx_11_0_arm64.whl", hash = "sha256:de879e9c2eab637f34b1a14c4da1e030c12658cdc69ee1b3e5be81b380163ce5"},
    {file = "setproctitle-1.3.7-cp313-cp313t-manylinux1_x86_64.manylinux_2_28_x86_64.manylinux_2_5_x86_64.whl", hash = "sha256:c18246d88e227a5b16248687514f95642505000442165f4b7db354d39d0e4c29"},
    {file = "setproctitle-1.3.7-cp313-cp313t-manylinux2014_aarch64.manylinux_2_17_aarch64.manylinux_2_28_aarch64.whl", hash = "sha256:7081f193dab22df2c36f9fc6d113f3793f83c27891af8fe30c64d89d9a37e152"},
    {file = "setproctitle-1.3.7-cp313-cp313t-manylinux2014_ppc64le.manylinux_2_17_ppc64le.manylinux_2_28_ppc64le.whl", hash = "sha256:9cc9b901ce129350637426a89cfd650066a4adc6899e47822e2478a74023ff7c"},
    {file = "setproctitle-1.3.7-cp313-cp313t-musllinux_1_2_aarch64.whl", hash = "sha256:80e177eff2d1ec172188d0d7fd9694f8e43d3aab76a6f5f929bee7bf7894e98b"},
    {file = "setproctitle-1.3.7-cp313-cp313t-musllinux_1_2_ppc64le.whl", hash = "sha256:23e520776c445478a67ee71b2a3c1ffdafbe1f9f677239e03d7e2cc635954e18"},
    {file = "setproctitle-1.3.7-cp313-cp313t-musllinux_1_2_x86_64.whl", hash = "sha256:5fa1953126a3b9bd47049d58c51b9dac72e78ed120459bd3aceb1bacee72357c"},
    {file = "setproctitle-1.3.7-cp313-cp313t-win32.whl", hash = "sha256:4a5e212bf438a4dbeece763f4962ad472c6008ff6702e230b4f16a037e2f6f29"},
    {file = "setproctitle-1.3.7-cp313-cp313t-win_amd64.whl", hash = "sha256:cf2727b733e90b4f874bac53e3092aa0413fe1ea6d4f153f01207e6ce65034d9"},
    {file = "setproctitle-1.3.7-cp314-cp314-macosx_10_13_universal2.whl", hash = "sha256:80c36c6a87ff72eabf621d0c79b66f3bdd0ecc79e873c1e9f0651ee8bf215c63"},
    {file = "setproctitle-1.3.7-cp314-cp314-macosx_11_0_arm64.whl", hash = "sha256:b53602371a52b91c80aaf578b5ada29d311d12b8a69c0c17fbc35b76a1fd4f2e"},
    {file = "setproctitle-1.3.7-cp314-cp314-manylinux1_x86_64.manylinux_2_28_x86_64.manylinux_2_5_x86_64.whl", hash = "sha256:fcb966a6c57cf07cc9448321a08f3be6b11b7635be502669bc1d8745115d7e7f"},
    {file = "setproctitle-1.3.7-cp314-cp314-manylinux2014_aarch64.manylinux_2_17_aarch64.manylinux_2_28_aarch64.whl", hash = "sha256:46178672599b940368d769474fe13ecef1b587d58bb438ea72b9987f74c56ea5"},
    {file = "setproctitle-1.3.7-cp314-cp314-manylinux2014_ppc64le.manylinux_2_17_ppc64le.manylinux_2_28_ppc64le.whl", hash = "sha256:7f9e9e3ff135cbcc3edd2f4cf29b139f4aca040d931573102742db70ff428c17"},
    {file = "setproctitle-1.3.7-cp314-cp314-musllinux_1_2_aarch64.whl", hash = "sha256:14c7eba8d90c93b0e79c01f0bd92a37b61983c27d6d7d5a3b5defd599113d60e"},
    {file = "setproctitle-1.3.7-cp314-cp314-musllinux_1_2_ppc64le.whl", hash = "sha256:9e64e98077fb30b6cf98073d6c439cd91deb8ebbf8fc62d9dbf52bd38b0c6ac0"},
    {file = "setproctitle-1.3.7-cp314-cp314-musllinux_1_2_x86_64.whl", hash = "sha256:b91387cc0f02a00ac95dcd93f066242d3cca10ff9e6153de7ee07069c6f0f7c8"},
    {file = "setproctitle-1.3.7-cp314-cp314-win32.whl", hash = "sha256:52b054a61c99d1b72fba58b7f5486e04b20fefc6961cd76722b424c187f362ed"},
    {file = "setproctitle-1.3.7-cp314-cp314-win_amd64.whl", hash = "sha256:5818e4080ac04da1851b3ec71e8a0f64e3748bf9849045180566d8b736702416"},
    {file = "setproctitle-1.3.7-cp314-cp314t-macosx_10_13_universal2.whl", hash = "sha256:6fc87caf9e323ac426910306c3e5d3205cd9f8dcac06d233fcafe9337f0928a3"},
    {file = "setproctitle-1.3.7-cp314-cp314t-macosx_11_0_arm64.whl", hash = "sha256:6134c63853d87a4897ba7d5cc0e16abfa687f6c66fc09f262bb70d67718f2309"},
    {file = "setproctitle-1.3.7-cp314-cp314t-manylinux1_x86_64.manylinux_2_28_x86_64.manylinux_2_5_x86_64.whl", hash = "sha256:1403d2abfd32790b6369916e2313dffbe87d6b11dca5bbd898981bcde48e7a2b"},
    {file = "setproctitle-1.3.7-cp314-cp314t-manylinux2014_aarch64.manylinux_2_17_aarch64.manylinux_2_28_aarch64.whl", hash = "sha256:e7c5bfe4228ea22373e3025965d1a4116097e555ee3436044f5c954a5e63ac45"},
    {file = "setproctitle-1.3.7-cp314-cp314t-manylinux2014_ppc64le.manylinux_2_17_ppc64le.manylinux_2_28_ppc64le.whl", hash = "sha256:585edf25e54e21a94ccb0fe81ad32b9196b69ebc4fc25f81da81fb8a50cca9e4"},
    {file = "setproctitle-1.3.7-cp314-cp314t-musllinux_1_2_aarch64.whl", hash = "sha256:96c38cdeef9036eb2724c2210e8d0b93224e709af68c435d46a4733a3675fee1"},
    {file = "setproctitle-1.3.7-cp314-cp314t-musllinux_1_2_ppc64le.whl", hash = "sha256:45e3ef48350abb49cf937d0a8ba15e42cee1e5ae13ca41a77c66d1abc27a5070"},
    {file = "setproctitle-1.3.7-cp314-cp314t-musllinux_1_2_x86_64.whl", hash = "sha256:1fae595d032b30dab4d659bece20debd202229fce12b55abab978b7f30783d73"},
    {file = "setproctitle-1.3.7-cp314-cp314t-win32.whl", hash = "sha256:02432f26f5d1329ab22279ff863c83589894977063f59e6c4b4845804a08f8c2"},
    {file = "setproctitle-1.3.7-cp314-cp314t-win_amd64.whl", hash = "sha256:cbc388e3d86da1f766d8fc2e12682e446064c01cea9f88a88647cfe7c011de6a"},
    {file = "setproctitle-1.3.7-cp38-cp38-macosx_10_9_universal2.whl", hash = "sha256:376761125ab5dab822d40eaa7d9b7e876627ecd41de8fa5336713b611b47ccef"},
    {file = "setproctitle-1.3.7-cp38-cp38-macosx_11_0_arm64.whl", hash = "sha256:2a4e03bd9aa5d10b8702f00ec1b740691da96b5003432f3000d60c56f1c2b4d3"},
    {file = "setproctitle-1.3.7-cp38-cp38-manylinux1_x86_64.manylinux_2_28_x86_64.manylinux_2_5_x86_64.whl", hash = "sha256:47d36e418ab86b3bc7946e27155e281a743274d02cd7e545f5d628a2875d32f9"},
    {file = "setproctitle-1.3.7-cp38-cp38-manylinux2014_aarch64.manylinux_2_17_aarch64.manylinux_2_28_aarch64.whl", hash = "sha256:a74714ce836914063c36c8a26ae11383cf8a379698c989fe46883e38a8faa5be"},
    {file = "setproctitle-1.3.7-cp38-cp38-manylinux2014_ppc64le.manylinux_2_17_ppc64le.manylinux_2_28_ppc64le.whl", hash = "sha256:f2ae6c3f042fc866cc0fa2bc35ae00d334a9fa56c9d28dfc47d1b4f5ed23e375"},
    {file = "setproctitle-1.3.7-cp38-cp38-musllinux_1_2_aarch64.whl", hash = "sha256:be7e01f3ad8d0e43954bebdb3088cb466633c2f4acdd88647e7fbfcfe9b9729f"},
    {file = "setproctitle-1.3.7-cp38-cp38-musllinux_1_2_ppc64le.whl", hash = "sha256:35a2cabcfdea4643d7811cfe9f3d92366d282b38ef5e7e93e25dafb6f97b0a59"},
    {file = "setproctitle-1.3.7-cp38-cp38-musllinux_1_2_x86_64.whl", hash = "sha256:8ce2e39a40fca82744883834683d833e0eb28623752cc1c21c2ec8f06a890b39"},
    {file = "setproctitle-1.3.7-cp38-cp38-win32.whl", hash = "sha256:6f1be447456fe1e16c92f5fb479404a850d8f4f4ff47192fde14a59b0bae6a0a"},
    {file = "setproctitle-1.3.7-cp38-cp38-win_amd64.whl", hash = "sha256:5ce2613e1361959bff81317dc30a60adb29d8132b6159608a783878fc4bc4bbc"},
    {file = "setproctitle-1.3.7-cp39-cp39-macosx_10_9_universal2.whl", hash = "sha256:deda9d79d1eb37b688729cac2dba0c137e992ebea960eadb7c2c255524c869e0"},
    {file = "setproctitle-1.3.7-cp39-cp39-macosx_11_0_arm64.whl", hash = "sha256:a93e4770ac22794cfa651ee53f092d7de7105c76b9fc088bb81ca0dcf698f704"},
    {file = "setproctitle-1.3.7-cp39-cp39-manylinux1_x86_64.manylinux_2_28_x86_64.manylinux_2_5_x86_64.whl", hash = "sha256:134e7f66703a1d92c0a9a0a417c580f2cc04b93d31d3fc0dd43c3aa194b706e1"},
    {file = "setproctitle-1.3.7-cp39-cp39-manylinux2014_aarch64.manylinux_2_17_aarch64.manylinux_2_28_aarch64.whl", hash = "sha256:9796732a040f617fc933f9531c9a84bb73c5c27b8074abbe52907076e804b2b7"},
    {file = "setproctitle-1.3.7-cp39-cp39-manylinux2014_ppc64le.manylinux_2_17_ppc64le.manylinux_2_28_ppc64le.whl", hash = "sha256:ff3c1c32382fb71a200db8bab3df22f32e6ac7ec3170e92fa5b542cf42eed9a2"},
    {file = "setproctitle-1.3.7-cp39-cp39-musllinux_1_2_aarch64.whl", hash = "sha256:01f27b5b72505b304152cb0bd7ff410cc4f2d69ac70c21a7fdfa64400a68642d"},
    {file = "setproctitle-1.3.7-cp39-cp39-musllinux_1_2_ppc64le.whl", hash = "sha256:80b6a562cbc92b289c28f34ce709a16b26b1696e9b9a0542a675ce3a788bdf3f"},
    {file = "setproctitle-1.3.7-cp39-cp39-musllinux_1_2_x86_64.whl", hash = "sha256:c4fb90174d176473122e7eef7c6492d53761826f34ff61c81a1c1d66905025d3"},
    {file = "setproctitle-1.3.7-cp39-cp39-win32.whl", hash = "sha256:c77b3f58a35f20363f6e0a1219b367fbf7e2d2efe3d2c32e1f796447e6061c10"},
    {file = "setproctitle-1.3.7-cp39-cp39-win_amd64.whl", hash = "sha256:318ddcf88dafddf33039ad41bc933e1c49b4cb196fe1731a209b753909591680"},
    {file = "setproctitle-1.3.7-pp310-pypy310_pp73-macosx_11_0_arm64.whl", hash = "sha256:eb440c5644a448e6203935ed60466ec8d0df7278cd22dc6cf782d07911bcbea6"},
    {file = "setproctitle-1.3.7-pp310-pypy310_pp73-manylinux1_x86_64.manylinux_2_28_x86_64.manylinux_2_5_x86_64.whl", hash = "sha256:502b902a0e4c69031b87870ff4986c290ebbb12d6038a70639f09c331b18efb2"},
    {file = "setproctitle-1.3.7-pp310-pypy310_pp73-win_amd64.whl", hash = "sha256:f6f268caeabb37ccd824d749e7ce0ec6337c4ed954adba33ec0d90cc46b0ab78"},
    {file = "setproctitle-1.3.7-pp311-pypy311_pp73-macosx_11_0_arm64.whl", hash = "sha256:b1cac6a4b0252b8811d60b6d8d0f157c0fdfed379ac89c25a914e6346cf355a1"},
    {file = "setproctitle-1.3.7-pp311-pypy311_pp73-manylinux1_x86_64.manylinux_2_28_x86_64.manylinux_2_5_x86_64.whl", hash = "sha256:f1704c9e041f2b1dc38f5be4552e141e1432fba3dd52c72eeffd5bc2db04dc65"},
    {file = "setproctitle-1.3.7-pp311-pypy311_pp73-win_amd64.whl", hash = "sha256:b08b61976ffa548bd5349ce54404bf6b2d51bd74d4f1b241ed1b0f25bce09c3a"},
    {file = "setproctitle-1.3.7.tar.gz", hash = "sha256:bc2bc917691c1537d5b9bca1468437176809c7e11e5694ca79a9ca12345dcb9e"},
]

[package.extras]
test = ["pytest"]

[[package]]
name = "wcwidth"
version = "0.6.0"
description = "Measures the displayed width of unicode strings in a terminal"
optional = false
python-versions = ">=3.8"
groups = ["main"]
files = [
    {file = "wcwidth-0.6.0-py3-none-any.whl", hash = "sha256:1a3a1e510b553315f8e146c54764f4fb6264ffad731b3d78088cdb1478ffbdad"},
    {file = "wcwidth-0.6.0.tar.gz", hash = "sha256:cdc4e4262d6ef9a1a57e018384cbeb1208d8abbc64176027e2c2455c81313159"},
]

[metadata]
lock-version = "2.1"
python-versions = "^3.10,<3.14"
content-hash = "78bbe12b348a6e6ed7e0a3e28dc9683e46cd5f8c50da3d4e14a87424f925f202"
