# This file is automatically @generated by Poetry 1.5.1 and should not be changed by hand.

[[package]]
name = "annotated-types"
version = "0.5.0"
description = "Reusable constraint types to use with typing.Annotated"
optional = false
python-versions = ">=3.7"
files = [
    {file = "annotated_types-0.5.0-py3-none-any.whl", hash = "sha256:58da39888f92c276ad970249761ebea80ba544b77acddaa1a4d6cf78287d45fd"},
    {file = "annotated_types-0.5.0.tar.gz", hash = "sha256:47cdc3490d9ac1506ce92c7aaa76c579dc3509ff11e098fc867e5130ab7be802"},
]

[package.dependencies]
typing-extensions = {version = ">=4.0.0", markers = "python_version < \"3.9\""}

[[package]]
name = "certifi"
version = "2023.7.22"
description = "Python package for providing Mozilla's CA Bundle."
optional = false
python-versions = ">=3.6"
files = [
    {file = "certifi-2023.7.22-py3-none-any.whl", hash = "sha256:92d6037539857d8206b8f6ae472e8b77db8058fec5937a1ef3f54304089edbb9"},
    {file = "certifi-2023.7.22.tar.gz", hash = "sha256:539cc1d13202e33ca466e88b2807e29f4c13049d6d87031a3c110744495cb082"},
]

[[package]]
name = "charset-normalizer"
version = "3.2.0"
description = "The Real First Universal Charset Detector. Open, modern and actively maintained alternative to Chardet."
optional = false
python-versions = ">=3.7.0"
files = [
    {file = "charset-normalizer-3.2.0.tar.gz", hash = "sha256:3bb3d25a8e6c0aedd251753a79ae98a093c7e7b471faa3aa9a93a81431987ace"},
    {file = "charset_normalizer-3.2.0-cp310-cp310-macosx_10_9_universal2.whl", hash = "sha256:0b87549028f680ca955556e3bd57013ab47474c3124dc069faa0b6545b6c9710"},
    {file = "charset_normalizer-3.2.0-cp310-cp310-macosx_10_9_x86_64.whl", hash = "sha256:7c70087bfee18a42b4040bb9ec1ca15a08242cf5867c58726530bdf3945672ed"},
    {file = "charset_normalizer-3.2.0-cp310-cp310-macosx_11_0_arm64.whl", hash = "sha256:a103b3a7069b62f5d4890ae1b8f0597618f628b286b03d4bc9195230b154bfa9"},
    {file = "charset_normalizer-3.2.0-cp310-cp310-manylinux_2_17_aarch64.manylinux2014_aarch64.whl", hash = "sha256:94aea8eff76ee6d1cdacb07dd2123a68283cb5569e0250feab1240058f53b623"},
    {file = "charset_normalizer-3.2.0-cp310-cp310-manylinux_2_17_ppc64le.manylinux2014_ppc64le.whl", hash = "sha256:db901e2ac34c931d73054d9797383d0f8009991e723dab15109740a63e7f902a"},
    {file = "charset_normalizer-3.2.0-cp310-cp310-manylinux_2_17_s390x.manylinux2014_s390x.whl", hash = "sha256:b0dac0ff919ba34d4df1b6131f59ce95b08b9065233446be7e459f95554c0dc8"},
    {file = "charset_normalizer-3.2.0-cp310-cp310-manylinux_2_17_x86_64.manylinux2014_x86_64.whl", hash = "sha256:193cbc708ea3aca45e7221ae58f0fd63f933753a9bfb498a3b474878f12caaad"},
    {file = "charset_normalizer-3.2.0-cp310-cp310-manylinux_2_5_i686.manylinux1_i686.manylinux_2_17_i686.manylinux2014_i686.whl", hash = "sha256:09393e1b2a9461950b1c9a45d5fd251dc7c6f228acab64da1c9c0165d9c7765c"},
    {file = "charset_normalizer-3.2.0-cp310-cp310-musllinux_1_1_aarch64.whl", hash = "sha256:baacc6aee0b2ef6f3d308e197b5d7a81c0e70b06beae1f1fcacffdbd124fe0e3"},
    {file = "charset_normalizer-3.2.0-cp310-cp310-musllinux_1_1_i686.whl", hash = "sha256:bf420121d4c8dce6b889f0e8e4ec0ca34b7f40186203f06a946fa0276ba54029"},
    {file = "charset_normalizer-3.2.0-cp310-cp310-musllinux_1_1_ppc64le.whl", hash = "sha256:c04a46716adde8d927adb9457bbe39cf473e1e2c2f5d0a16ceb837e5d841ad4f"},
    {file = "charset_normalizer-3.2.0-cp310-cp310-musllinux_1_1_s390x.whl", hash = "sha256:aaf63899c94de41fe3cf934601b0f7ccb6b428c6e4eeb80da72c58eab077b19a"},
    {file = "charset_normalizer-3.2.0-cp310-cp310-musllinux_1_1_x86_64.whl", hash = "sha256:d62e51710986674142526ab9f78663ca2b0726066ae26b78b22e0f5e571238dd"},
    {file = "charset_normalizer-3.2.0-cp310-cp310-win32.whl", hash = "sha256:04e57ab9fbf9607b77f7d057974694b4f6b142da9ed4a199859d9d4d5c63fe96"},
    {file = "charset_normalizer-3.2.0-cp310-cp310-win_amd64.whl", hash = "sha256:48021783bdf96e3d6de03a6e39a1171ed5bd7e8bb93fc84cc649d11490f87cea"},
    {file = "charset_normalizer-3.2.0-cp311-cp311-macosx_10_9_universal2.whl", hash = "sha256:4957669ef390f0e6719db3613ab3a7631e68424604a7b448f079bee145da6e09"},
    {file = "charset_normalizer-3.2.0-cp311-cp311-macosx_10_9_x86_64.whl", hash = "sha256:46fb8c61d794b78ec7134a715a3e564aafc8f6b5e338417cb19fe9f57a5a9bf2"},
    {file = "charset_normalizer-3.2.0-cp311-cp311-macosx_11_0_arm64.whl", hash = "sha256:f779d3ad205f108d14e99bb3859aa7dd8e9c68874617c72354d7ecaec2a054ac"},
    {file = "charset_normalizer-3.2.0-cp311-cp311-manylinux_2_17_aarch64.manylinux2014_aarch64.whl", hash = "sha256:f25c229a6ba38a35ae6e25ca1264621cc25d4d38dca2942a7fce0b67a4efe918"},
    {file = "charset_normalizer-3.2.0-cp311-cp311-manylinux_2_17_ppc64le.manylinux2014_ppc64le.whl", hash = "sha256:2efb1bd13885392adfda4614c33d3b68dee4921fd0ac1d3988f8cbb7d589e72a"},
    {file = "charset_normalizer-3.2.0-cp311-cp311-manylinux_2_17_s390x.manylinux2014_s390x.whl", hash = "sha256:1f30b48dd7fa1474554b0b0f3fdfdd4c13b5c737a3c6284d3cdc424ec0ffff3a"},
    {file = "charset_normalizer-3.2.0-cp311-cp311-manylinux_2_17_x86_64.manylinux2014_x86_64.whl", hash = "sha256:246de67b99b6851627d945db38147d1b209a899311b1305dd84916f2b88526c6"},
    {file = "charset_normalizer-3.2.0-cp311-cp311-manylinux_2_5_i686.manylinux1_i686.manylinux_2_17_i686.manylinux2014_i686.whl", hash = "sha256:9bd9b3b31adcb054116447ea22caa61a285d92e94d710aa5ec97992ff5eb7cf3"},
    {file = "charset_normalizer-3.2.0-cp311-cp311-musllinux_1_1_aarch64.whl", hash = "sha256:8c2f5e83493748286002f9369f3e6607c565a6a90425a3a1fef5ae32a36d749d"},
    {file = "charset_normalizer-3.2.0-cp311-cp311-musllinux_1_1_i686.whl", hash = "sha256:3170c9399da12c9dc66366e9d14da8bf7147e1e9d9ea566067bbce7bb74bd9c2"},
    {file = "charset_normalizer-3.2.0-cp311-cp311-musllinux_1_1_ppc64le.whl", hash = "sha256:7a4826ad2bd6b07ca615c74ab91f32f6c96d08f6fcc3902ceeedaec8cdc3bcd6"},
    {file = "charset_normalizer-3.2.0-cp311-cp311-musllinux_1_1_s390x.whl", hash = "sha256:3b1613dd5aee995ec6d4c69f00378bbd07614702a315a2cf6c1d21461fe17c23"},
    {file = "charset_normalizer-3.2.0-cp311-cp311-musllinux_1_1_x86_64.whl", hash = "sha256:9e608aafdb55eb9f255034709e20d5a83b6d60c054df0802fa9c9883d0a937aa"},
    {file = "charset_normalizer-3.2.0-cp311-cp311-win32.whl", hash = "sha256:f2a1d0fd4242bd8643ce6f98927cf9c04540af6efa92323e9d3124f57727bfc1"},
    {file = "charset_normalizer-3.2.0-cp311-cp311-win_amd64.whl", hash = "sha256:681eb3d7e02e3c3655d1b16059fbfb605ac464c834a0c629048a30fad2b27489"},
    {file = "charset_normalizer-3.2.0-cp37-cp37m-macosx_10_9_x86_64.whl", hash = "sha256:c57921cda3a80d0f2b8aec7e25c8aa14479ea92b5b51b6876d975d925a2ea346"},
    {file = "charset_normalizer-3.2.0-cp37-cp37m-manylinux_2_17_aarch64.manylinux2014_aarch64.whl", hash = "sha256:41b25eaa7d15909cf3ac4c96088c1f266a9a93ec44f87f1d13d4a0e86c81b982"},
    {file = "charset_normalizer-3.2.0-cp37-cp37m-manylinux_2_17_ppc64le.manylinux2014_ppc64le.whl", hash = "sha256:f058f6963fd82eb143c692cecdc89e075fa0828db2e5b291070485390b2f1c9c"},
    {file = "charset_normalizer-3.2.0-cp37-cp37m-manylinux_2_17_s390x.manylinux2014_s390x.whl", hash = "sha256:a7647ebdfb9682b7bb97e2a5e7cb6ae735b1c25008a70b906aecca294ee96cf4"},
    {file = "charset_normalizer-3.2.0-cp37-cp37m-manylinux_2_17_x86_64.manylinux2014_x86_64.whl", hash = "sha256:eef9df1eefada2c09a5e7a40991b9fc6ac6ef20b1372abd48d2794a316dc0449"},
    {file = "charset_normalizer-3.2.0-cp37-cp37m-manylinux_2_5_i686.manylinux1_i686.manylinux_2_17_i686.manylinux2014_i686.whl", hash = "sha256:e03b8895a6990c9ab2cdcd0f2fe44088ca1c65ae592b8f795c3294af00a461c3"},
    {file = "charset_normalizer-3.2.0-cp37-cp37m-musllinux_1_1_aarch64.whl", hash = "sha256:ee4006268ed33370957f55bf2e6f4d263eaf4dc3cfc473d1d90baff6ed36ce4a"},
    {file = "charset_normalizer-3.2.0-cp37-cp37m-musllinux_1_1_i686.whl", hash = "sha256:c4983bf937209c57240cff65906b18bb35e64ae872da6a0db937d7b4af845dd7"},
    {file = "charset_normalizer-3.2.0-cp37-cp37m-musllinux_1_1_ppc64le.whl", hash = "sha256:3bb7fda7260735efe66d5107fb7e6af6a7c04c7fce9b2514e04b7a74b06bf5dd"},
    {file = "charset_normalizer-3.2.0-cp37-cp37m-musllinux_1_1_s390x.whl", hash = "sha256:72814c01533f51d68702802d74f77ea026b5ec52793c791e2da806a3844a46c3"},
    {file = "charset_normalizer-3.2.0-cp37-cp37m-musllinux_1_1_x86_64.whl", hash = "sha256:70c610f6cbe4b9fce272c407dd9d07e33e6bf7b4aa1b7ffb6f6ded8e634e3592"},
    {file = "charset_normalizer-3.2.0-cp37-cp37m-win32.whl", hash = "sha256:a401b4598e5d3f4a9a811f3daf42ee2291790c7f9d74b18d75d6e21dda98a1a1"},
    {file = "charset_normalizer-3.2.0-cp37-cp37m-win_amd64.whl", hash = "sha256:c0b21078a4b56965e2b12f247467b234734491897e99c1d51cee628da9786959"},
    {file = "charset_normalizer-3.2.0-cp38-cp38-macosx_10_9_universal2.whl", hash = "sha256:95eb302ff792e12aba9a8b8f8474ab229a83c103d74a750ec0bd1c1eea32e669"},
    {file = "charset_normalizer-3.2.0-cp38-cp38-macosx_10_9_x86_64.whl", hash = "sha256:1a100c6d595a7f316f1b6f01d20815d916e75ff98c27a01ae817439ea7726329"},
    {file = "charset_normalizer-3.2.0-cp38-cp38-macosx_11_0_arm64.whl", hash = "sha256:6339d047dab2780cc6220f46306628e04d9750f02f983ddb37439ca47ced7149"},
    {file = "charset_normalizer-3.2.0-cp38-cp38-manylinux_2_17_aarch64.manylinux2014_aarch64.whl", hash = "sha256:e4b749b9cc6ee664a3300bb3a273c1ca8068c46be705b6c31cf5d276f8628a94"},
    {file = "charset_normalizer-3.2.0-cp38-cp38-manylinux_2_17_ppc64le.manylinux2014_ppc64le.whl", hash = "sha256:a38856a971c602f98472050165cea2cdc97709240373041b69030be15047691f"},
    {file = "charset_normalizer-3.2.0-cp38-cp38-manylinux_2_17_s390x.manylinux2014_s390x.whl", hash = "sha256:f87f746ee241d30d6ed93969de31e5ffd09a2961a051e60ae6bddde9ec3583aa"},
    {file = "charset_normalizer-3.2.0-cp38-cp38-manylinux_2_17_x86_64.manylinux2014_x86_64.whl", hash = "sha256:89f1b185a01fe560bc8ae5f619e924407efca2191b56ce749ec84982fc59a32a"},
    {file = "charset_normalizer-3.2.0-cp38-cp38-manylinux_2_5_i686.manylinux1_i686.manylinux_2_17_i686.manylinux2014_i686.whl", hash = "sha256:e1c8a2f4c69e08e89632defbfabec2feb8a8d99edc9f89ce33c4b9e36ab63037"},
    {file = "charset_normalizer-3.2.0-cp38-cp38-musllinux_1_1_aarch64.whl", hash = "sha256:2f4ac36d8e2b4cc1aa71df3dd84ff8efbe3bfb97ac41242fbcfc053c67434f46"},
    {file = "charset_normalizer-3.2.0-cp38-cp38-musllinux_1_1_i686.whl", hash = "sha256:a386ebe437176aab38c041de1260cd3ea459c6ce5263594399880bbc398225b2"},
    {file = "charset_normalizer-3.2.0-cp38-cp38-musllinux_1_1_ppc64le.whl", hash = "sha256:ccd16eb18a849fd8dcb23e23380e2f0a354e8daa0c984b8a732d9cfaba3a776d"},
    {file = "charset_normalizer-3.2.0-cp38-cp38-musllinux_1_1_s390x.whl", hash = "sha256:e6a5bf2cba5ae1bb80b154ed68a3cfa2fa00fde979a7f50d6598d3e17d9ac20c"},
    {file = "charset_normalizer-3.2.0-cp38-cp38-musllinux_1_1_x86_64.whl", hash = "sha256:45de3f87179c1823e6d9e32156fb14c1927fcc9aba21433f088fdfb555b77c10"},
    {file = "charset_normalizer-3.2.0-cp38-cp38-win32.whl", hash = "sha256:1000fba1057b92a65daec275aec30586c3de2401ccdcd41f8a5c1e2c87078706"},
    {file = "charset_normalizer-3.2.0-cp38-cp38-win_amd64.whl", hash = "sha256:8b2c760cfc7042b27ebdb4a43a4453bd829a5742503599144d54a032c5dc7e9e"},
    {file = "charset_normalizer-3.2.0-cp39-cp39-macosx_10_9_universal2.whl", hash = "sha256:855eafa5d5a2034b4621c74925d89c5efef61418570e5ef9b37717d9c796419c"},
    {file = "charset_normalizer-3.2.0-cp39-cp39-macosx_10_9_x86_64.whl", hash = "sha256:203f0c8871d5a7987be20c72442488a0b8cfd0f43b7973771640fc593f56321f"},
    {file = "charset_normalizer-3.2.0-cp39-cp39-macosx_11_0_arm64.whl", hash = "sha256:e857a2232ba53ae940d3456f7533ce6ca98b81917d47adc3c7fd55dad8fab858"},
    {file = "charset_normalizer-3.2.0-cp39-cp39-manylinux_2_17_aarch64.manylinux2014_aarch64.whl", hash = "sha256:5e86d77b090dbddbe78867a0275cb4df08ea195e660f1f7f13435a4649e954e5"},
    {file = "charset_normalizer-3.2.0-cp39-cp39-manylinux_2_17_ppc64le.manylinux2014_ppc64le.whl", hash = "sha256:c4fb39a81950ec280984b3a44f5bd12819953dc5fa3a7e6fa7a80db5ee853952"},
    {file = "charset_normalizer-3.2.0-cp39-cp39-manylinux_2_17_s390x.manylinux2014_s390x.whl", hash = "sha256:2dee8e57f052ef5353cf608e0b4c871aee320dd1b87d351c28764fc0ca55f9f4"},
    {file = "charset_normalizer-3.2.0-cp39-cp39-manylinux_2_17_x86_64.manylinux2014_x86_64.whl", hash = "sha256:8700f06d0ce6f128de3ccdbc1acaea1ee264d2caa9ca05daaf492fde7c2a7200"},
    {file = "charset_normalizer-3.2.0-cp39-cp39-manylinux_2_5_i686.manylinux1_i686.manylinux_2_17_i686.manylinux2014_i686.whl", hash = "sha256:1920d4ff15ce893210c1f0c0e9d19bfbecb7983c76b33f046c13a8ffbd570252"},
    {file = "charset_normalizer-3.2.0-cp39-cp39-musllinux_1_1_aarch64.whl", hash = "sha256:c1c76a1743432b4b60ab3358c937a3fe1341c828ae6194108a94c69028247f22"},
    {file = "charset_normalizer-3.2.0-cp39-cp39-musllinux_1_1_i686.whl", hash = "sha256:f7560358a6811e52e9c4d142d497f1a6e10103d3a6881f18d04dbce3729c0e2c"},
    {file = "charset_normalizer-3.2.0-cp39-cp39-musllinux_1_1_ppc64le.whl", hash = "sha256:c8063cf17b19661471ecbdb3df1c84f24ad2e389e326ccaf89e3fb2484d8dd7e"},
    {file = "charset_normalizer-3.2.0-cp39-cp39-musllinux_1_1_s390x.whl", hash = "sha256:cd6dbe0238f7743d0efe563ab46294f54f9bc8f4b9bcf57c3c666cc5bc9d1299"},
    {file = "charset_normalizer-3.2.0-cp39-cp39-musllinux_1_1_x86_64.whl", hash = "sha256:1249cbbf3d3b04902ff081ffbb33ce3377fa6e4c7356f759f3cd076cc138d020"},
    {file = "charset_normalizer-3.2.0-cp39-cp39-win32.whl", hash = "sha256:6c409c0deba34f147f77efaa67b8e4bb83d2f11c8806405f76397ae5b8c0d1c9"},
    {file = "charset_normalizer-3.2.0-cp39-cp39-win_amd64.whl", hash = "sha256:7095f6fbfaa55defb6b733cfeb14efaae7a29f0b59d8cf213be4e7ca0b857b80"},
    {file = "charset_normalizer-3.2.0-py3-none-any.whl", hash = "sha256:8e098148dd37b4ce3baca71fb394c81dc5d9c7728c95df695d2dca218edf40e6"},
]

[[package]]
name = "idna"
version = "3.4"
description = "Internationalized Domain Names in Applications (IDNA)"
optional = false
python-versions = ">=3.5"
files = [
    {file = "idna-3.4-py3-none-any.whl", hash = "sha256:90b77e79eaa3eba6de819a0c442c0b4ceefc341a7a2ab77d7562bf49f425c5c2"},
    {file = "idna-3.4.tar.gz", hash = "sha256:814f528e8dead7d329833b91c5faa87d60bf71824cd12a7530b5526063d02cb4"},
]

[[package]]
name = "pydantic"
version = "2.1.1"
description = "Data validation using Python type hints"
optional = false
python-versions = ">=3.7"
files = [
    {file = "pydantic-2.1.1-py3-none-any.whl", hash = "sha256:43bdbf359d6304c57afda15c2b95797295b702948082d4c23851ce752f21da70"},
    {file = "pydantic-2.1.1.tar.gz", hash = "sha256:22d63db5ce4831afd16e7c58b3192d3faf8f79154980d9397d9867254310ba4b"},
]

[package.dependencies]
annotated-types = ">=0.4.0"
pydantic-core = "2.4.0"
typing-extensions = ">=4.6.1"

[package.extras]
email = ["email-validator (>=2.0.0)"]

[[package]]
name = "pydantic-core"
version = "2.4.0"
description = ""
optional = false
python-versions = ">=3.7"
files = [
    {file = "pydantic_core-2.4.0-cp310-cp310-macosx_10_7_x86_64.whl", hash = "sha256:2ca4687dd996bde7f3c420def450797feeb20dcee2b9687023e3323c73fc14a2"},
    {file = "pydantic_core-2.4.0-cp310-cp310-macosx_11_0_arm64.whl", hash = "sha256:782fced7d61469fd1231b184a80e4f2fa7ad54cd7173834651a453f96f29d673"},
    {file = "pydantic_core-2.4.0-cp310-cp310-manylinux_2_17_aarch64.manylinux2014_aarch64.whl", hash = "sha256:6213b471b68146af97b8551294e59e7392c2117e28ffad9c557c65087f4baee3"},
    {file = "pydantic_core-2.4.0-cp310-cp310-manylinux_2_17_x86_64.manylinux2014_x86_64.whl", hash = "sha256:63797499a219d8e81eb4e0c42222d0a4c8ec896f5c76751d4258af95de41fdf1"},
    {file = "pydantic_core-2.4.0-cp310-cp310-manylinux_2_24_armv7l.whl", hash = "sha256:0455876d575a35defc4da7e0a199596d6c773e20d3d42fa1fc29f6aa640369ed"},
    {file = "pydantic_core-2.4.0-cp310-cp310-manylinux_2_24_ppc64le.whl", hash = "sha256:8c938c96294d983dcf419b54dba2d21056959c22911d41788efbf949a29ae30d"},
    {file = "pydantic_core-2.4.0-cp310-cp310-manylinux_2_24_s390x.whl", hash = "sha256:878a5017d93e776c379af4e7b20f173c82594d94fa073059bcc546789ad50bf8"},
    {file = "pydantic_core-2.4.0-cp310-cp310-manylinux_2_5_i686.manylinux1_i686.whl", hash = "sha256:69159afc2f2dc43285725f16143bc5df3c853bc1cb7df6021fce7ef1c69e8171"},
    {file = "pydantic_core-2.4.0-cp310-cp310-musllinux_1_1_aarch64.whl", hash = "sha256:54df7df399b777c1fd144f541c95d351b3aa110535a6810a6a569905d106b6f3"},
    {file = "pydantic_core-2.4.0-cp310-cp310-musllinux_1_1_x86_64.whl", hash = "sha256:e412607ca89a0ced10758dfb8f9adcc365ce4c1c377e637c01989a75e9a9ec8a"},
    {file = "pydantic_core-2.4.0-cp310-none-win32.whl", hash = "sha256:853f103e2b9a58832fdd08a587a51de8b552ae90e1a5d167f316b7eabf8d7dde"},
    {file = "pydantic_core-2.4.0-cp310-none-win_amd64.whl", hash = "sha256:3ba2c9c94a9176f6321a879c8b864d7c5b12d34f549a4c216c72ce213d7d953c"},
    {file = "pydantic_core-2.4.0-cp311-cp311-macosx_10_7_x86_64.whl", hash = "sha256:a8b7acd04896e8f161e1500dc5f218017db05c1d322f054e89cbd089ce5d0071"},
    {file = "pydantic_core-2.4.0-cp311-cp311-macosx_11_0_arm64.whl", hash = "sha256:16468bd074fa4567592d3255bf25528ed41e6b616d69bf07096bdb5b66f947d1"},
    {file = "pydantic_core-2.4.0-cp311-cp311-manylinux_2_17_aarch64.manylinux2014_aarch64.whl", hash = "sha256:cba5ad5eef02c86a1f3da00544cbc59a510d596b27566479a7cd4d91c6187a11"},
    {file = "pydantic_core-2.4.0-cp311-cp311-manylinux_2_17_x86_64.manylinux2014_x86_64.whl", hash = "sha256:b7206e41e04b443016e930e01685bab7a308113c0b251b3f906942c8d4b48fcb"},
    {file = "pydantic_core-2.4.0-cp311-cp311-manylinux_2_24_armv7l.whl", hash = "sha256:c1375025f0bfc9155286ebae8eecc65e33e494c90025cda69e247c3ccd2bab00"},
    {file = "pydantic_core-2.4.0-cp311-cp311-manylinux_2_24_ppc64le.whl", hash = "sha256:3534118289e33130ed3f1cc487002e8d09b9f359be48b02e9cd3de58ce58fba9"},
    {file = "pydantic_core-2.4.0-cp311-cp311-manylinux_2_24_s390x.whl", hash = "sha256:94d2b36a74623caab262bf95f0e365c2c058396082bd9d6a9e825657d0c1e7fa"},
    {file = "pydantic_core-2.4.0-cp311-cp311-manylinux_2_5_i686.manylinux1_i686.whl", hash = "sha256:af24ad4fbaa5e4a2000beae0c3b7fd1c78d7819ab90f9370a1cfd8998e3f8a3c"},
    {file = "pydantic_core-2.4.0-cp311-cp311-musllinux_1_1_aarch64.whl", hash = "sha256:bf10963d8aed8bbe0165b41797c9463d4c5c8788ae6a77c68427569be6bead41"},
    {file = "pydantic_core-2.4.0-cp311-cp311-musllinux_1_1_x86_64.whl", hash = "sha256:68199ada7c310ddb8c76efbb606a0de656b40899388a7498954f423e03fc38be"},
    {file = "pydantic_core-2.4.0-cp311-none-win32.whl", hash = "sha256:6f855bcc96ed3dd56da7373cfcc9dcbabbc2073cac7f65c185772d08884790ce"},
    {file = "pydantic_core-2.4.0-cp311-none-win_amd64.whl", hash = "sha256:de39eb3bab93a99ddda1ac1b9aa331b944d8bcc4aa9141148f7fd8ee0299dafc"},
    {file = "pydantic_core-2.4.0-cp312-cp312-macosx_10_7_x86_64.whl", hash = "sha256:f773b39780323a0499b53ebd91a28ad11cde6705605d98d999dfa08624caf064"},
    {file = "pydantic_core-2.4.0-cp312-cp312-macosx_11_0_arm64.whl", hash = "sha256:a297c0d6c61963c5c3726840677b798ca5b7dfc71bc9c02b9a4af11d23236008"},
    {file = "pydantic_core-2.4.0-cp312-cp312-manylinux_2_17_aarch64.manylinux2014_aarch64.whl", hash = "sha256:546064c55264156b973b5e65e5fafbe5e62390902ce3cf6b4005765505e8ff56"},
    {file = "pydantic_core-2.4.0-cp312-cp312-manylinux_2_17_x86_64.manylinux2014_x86_64.whl", hash = "sha256:36ba9e728588588f0196deaf6751b9222492331b5552f865a8ff120869d372e0"},
    {file = "pydantic_core-2.4.0-cp312-cp312-manylinux_2_24_armv7l.whl", hash = "sha256:57a53a75010c635b3ad6499e7721eaa3b450e03f6862afe2dbef9c8f66e46ec8"},
    {file = "pydantic_core-2.4.0-cp312-cp312-manylinux_2_24_ppc64le.whl", hash = "sha256:4b262bbc13022f2097c48a21adcc360a81d83dc1d854c11b94953cd46d7d3c07"},
    {file = "pydantic_core-2.4.0-cp312-cp312-manylinux_2_24_s390x.whl", hash = "sha256:01947ad728f426fa07fcb26457ebf90ce29320259938414bc0edd1476e75addb"},
    {file = "pydantic_core-2.4.0-cp312-cp312-manylinux_2_5_i686.manylinux1_i686.whl", hash = "sha256:b2799c2eaf182769889761d4fb4d78b82bc47dae833799fedbf69fc7de306faa"},
    {file = "pydantic_core-2.4.0-cp312-cp312-musllinux_1_1_aarch64.whl", hash = "sha256:a08fd490ba36d1fbb2cd5dcdcfb9f3892deb93bd53456724389135712b5fc735"},
    {file = "pydantic_core-2.4.0-cp312-cp312-musllinux_1_1_x86_64.whl", hash = "sha256:1e8a7c62d15a5c4b307271e4252d76ebb981d6251c6ecea4daf203ef0179ea4f"},
    {file = "pydantic_core-2.4.0-cp312-none-win32.whl", hash = "sha256:9206c14a67c38de7b916e486ae280017cf394fa4b1aa95cfe88621a4e1d79725"},
    {file = "pydantic_core-2.4.0-cp312-none-win_amd64.whl", hash = "sha256:884235507549a6b2d3c4113fb1877ae263109e787d9e0eb25c35982ab28d0399"},
    {file = "pydantic_core-2.4.0-cp37-cp37m-macosx_10_7_x86_64.whl", hash = "sha256:4cbe929efa77a806e8f1a97793f2dc3ea3475ae21a9ed0f37c21320fe93f6f50"},
    {file = "pydantic_core-2.4.0-cp37-cp37m-macosx_11_0_arm64.whl", hash = "sha256:9137289de8fe845c246a8c3482dd0cb40338846ba683756d8f489a4bd8fddcae"},
    {file = "pydantic_core-2.4.0-cp37-cp37m-manylinux_2_17_aarch64.manylinux2014_aarch64.whl", hash = "sha256:c5d8e764b5646623e57575f624f8ebb8f7a9f7fd1fae682ef87869ca5fec8dcf"},
    {file = "pydantic_core-2.4.0-cp37-cp37m-manylinux_2_17_x86_64.manylinux2014_x86_64.whl", hash = "sha256:8fba0aff4c407d0274e43697e785bcac155ad962be57518d1c711f45e72da70f"},
    {file = "pydantic_core-2.4.0-cp37-cp37m-manylinux_2_24_armv7l.whl", hash = "sha256:30527d173e826f2f7651f91c821e337073df1555e3b5a0b7b1e2c39e26e50678"},
    {file = "pydantic_core-2.4.0-cp37-cp37m-manylinux_2_24_ppc64le.whl", hash = "sha256:bd7d1dde70ff3e09e4bc7a1cbb91a7a538add291bfd5b3e70ef1e7b45192440f"},
    {file = "pydantic_core-2.4.0-cp37-cp37m-manylinux_2_24_s390x.whl", hash = "sha256:72f1216ca8cef7b8adacd4c4c6b89c3b0c4f97503197f5284c80f36d6e4edd30"},
    {file = "pydantic_core-2.4.0-cp37-cp37m-manylinux_2_5_i686.manylinux1_i686.whl", hash = "sha256:b013c7861a7c7bfcec48fd709513fea6f9f31727e7a0a93ca0dd12e056740717"},
    {file = "pydantic_core-2.4.0-cp37-cp37m-musllinux_1_1_aarch64.whl", hash = "sha256:478f5f6d7e32bd4a04d102160efb2d389432ecf095fe87c555c0a6fc4adfc1a4"},
    {file = "pydantic_core-2.4.0-cp37-cp37m-musllinux_1_1_x86_64.whl", hash = "sha256:d9610b47b5fe4aacbbba6a9cb5f12cbe864eec99dbfed5710bd32ef5dd8a5d5b"},
    {file = "pydantic_core-2.4.0-cp37-none-win32.whl", hash = "sha256:ff246c0111076c8022f9ba325c294f2cb5983403506989253e04dbae565e019b"},
    {file = "pydantic_core-2.4.0-cp37-none-win_amd64.whl", hash = "sha256:d0c2b713464a8e263a243ae7980d81ce2de5ac59a9f798a282e44350b42dc516"},
    {file = "pydantic_core-2.4.0-cp38-cp38-macosx_10_7_x86_64.whl", hash = "sha256:12ef6838245569fd60a179fade81ca4b90ae2fa0ef355d616f519f7bb27582db"},
    {file = "pydantic_core-2.4.0-cp38-cp38-macosx_11_0_arm64.whl", hash = "sha256:49db206eb8fdc4b4f30e6e3e410584146d813c151928f94ec0db06c4f2595538"},
    {file = "pydantic_core-2.4.0-cp38-cp38-manylinux_2_17_aarch64.manylinux2014_aarch64.whl", hash = "sha256:0a507d7fa44688bbac76af6521e488b3da93de155b9cba6f2c9b7833ce243d59"},
    {file = "pydantic_core-2.4.0-cp38-cp38-manylinux_2_17_x86_64.manylinux2014_x86_64.whl", hash = "sha256:ffe18407a4d000c568182ce5388bbbedeb099896904e43fc14eee76cfae6dec5"},
    {file = "pydantic_core-2.4.0-cp38-cp38-manylinux_2_24_armv7l.whl", hash = "sha256:fa8e48001b39d54d97d7b380a0669fa99fc0feeb972e35a2d677ba59164a9a22"},
    {file = "pydantic_core-2.4.0-cp38-cp38-manylinux_2_24_ppc64le.whl", hash = "sha256:394f12a2671ff8c4dfa2e85be6c08be0651ad85bc1e6aa9c77c21671baaf28cd"},
    {file = "pydantic_core-2.4.0-cp38-cp38-manylinux_2_24_s390x.whl", hash = "sha256:2f9ea0355f90db2a76af530245fa42f04d98f752a1236ed7c6809ec484560d5b"},
    {file = "pydantic_core-2.4.0-cp38-cp38-manylinux_2_5_i686.manylinux1_i686.whl", hash = "sha256:61d4e713f467abcdd59b47665d488bb898ad3dd47ce7446522a50e0cbd8e8279"},
    {file = "pydantic_core-2.4.0-cp38-cp38-musllinux_1_1_aarch64.whl", hash = "sha256:453862ab268f6326b01f067ed89cb3a527d34dc46f6f4eeec46a15bbc706d0da"},
    {file = "pydantic_core-2.4.0-cp38-cp38-musllinux_1_1_x86_64.whl", hash = "sha256:56a85fa0dab1567bd0cac10f0c3837b03e8a0d939e6a8061a3a420acd97e9421"},
    {file = "pydantic_core-2.4.0-cp38-none-win32.whl", hash = "sha256:0d726108c1c0380b88b6dd4db559f0280e0ceda9e077f46ff90bc85cd4d03e77"},
    {file = "pydantic_core-2.4.0-cp38-none-win_amd64.whl", hash = "sha256:047580388644c473b934d27849f8ed8dbe45df0adb72104e78b543e13bf69762"},
    {file = "pydantic_core-2.4.0-cp39-cp39-macosx_10_7_x86_64.whl", hash = "sha256:867d3eea954bea807cabba83cfc939c889a18576d66d197c60025b15269d7cc0"},
    {file = "pydantic_core-2.4.0-cp39-cp39-macosx_11_0_arm64.whl", hash = "sha256:664402ef0c238a7f8a46efb101789d5f2275600fb18114446efec83cfadb5b66"},
    {file = "pydantic_core-2.4.0-cp39-cp39-manylinux_2_17_aarch64.manylinux2014_aarch64.whl", hash = "sha256:64e8012ad60a5f0da09ed48725e6e923d1be25f2f091a640af6079f874663813"},
    {file = "pydantic_core-2.4.0-cp39-cp39-manylinux_2_17_x86_64.manylinux2014_x86_64.whl", hash = "sha256:ac2b680de398f293b68183317432b3d67ab3faeba216aec18de0c395cb5e3060"},
    {file = "pydantic_core-2.4.0-cp39-cp39-manylinux_2_24_armv7l.whl", hash = "sha256:8efc1be43b036c2b6bcfb1451df24ee0ddcf69c31351003daf2699ed93f5687b"},
    {file = "pydantic_core-2.4.0-cp39-cp39-manylinux_2_24_ppc64le.whl", hash = "sha256:d93aedbc4614cc21b9ab0d0c4ccd7143354c1f7cffbbe96ae5216ad21d1b21b5"},
    {file = "pydantic_core-2.4.0-cp39-cp39-manylinux_2_24_s390x.whl", hash = "sha256:af788b64e13d52fc3600a68b16d31fa8d8573e3ff2fc9a38f8a60b8d94d1f012"},
    {file = "pydantic_core-2.4.0-cp39-cp39-manylinux_2_5_i686.manylinux1_i686.whl", hash = "sha256:97c6349c81cee2e69ef59eba6e6c08c5936e6b01c2d50b9e4ac152217845ae09"},
    {file = "pydantic_core-2.4.0-cp39-cp39-musllinux_1_1_aarch64.whl", hash = "sha256:cc086ddb6dc654a15deeed1d1f2bcb1cb924ebd70df9dca738af19f64229b06c"},
    {file = "pydantic_core-2.4.0-cp39-cp39-musllinux_1_1_x86_64.whl", hash = "sha256:e953353180bec330c3b830891d260b6f8e576e2d18db3c78d314e56bb2276066"},
    {file = "pydantic_core-2.4.0-cp39-none-win32.whl", hash = "sha256:6feb4b64d11d5420e517910d60a907d08d846cacaf4e029668725cd21d16743c"},
    {file = "pydantic_core-2.4.0-cp39-none-win_amd64.whl", hash = "sha256:153a61ac4030fa019b70b31fb7986461119230d3ba0ab661c757cfea652f4332"},
    {file = "pydantic_core-2.4.0-pp310-pypy310_pp73-macosx_10_7_x86_64.whl", hash = "sha256:3fcf529382b282a30b466bd7af05be28e22aa620e016135ac414f14e1ee6b9e1"},
    {file = "pydantic_core-2.4.0-pp310-pypy310_pp73-manylinux_2_17_aarch64.manylinux2014_aarch64.whl", hash = "sha256:2edef05b63d82568b877002dc4cb5cc18f8929b59077120192df1e03e0c633f8"},
    {file = "pydantic_core-2.4.0-pp310-pypy310_pp73-manylinux_2_17_x86_64.manylinux2014_x86_64.whl", hash = "sha256:da055a1b0bfa8041bb2ff586b2cb0353ed03944a3472186a02cc44a557a0e661"},
    {file = "pydantic_core-2.4.0-pp310-pypy310_pp73-manylinux_2_5_i686.manylinux1_i686.whl", hash = "sha256:77dadc764cf7c5405e04866181c5bd94a447372a9763e473abb63d1dfe9b7387"},
    {file = "pydantic_core-2.4.0-pp310-pypy310_pp73-musllinux_1_1_aarch64.whl", hash = "sha256:a4ea23b07f29487a7bef2a869f68c7ee0e05424d81375ce3d3de829314c6b5ec"},
    {file = "pydantic_core-2.4.0-pp310-pypy310_pp73-musllinux_1_1_x86_64.whl", hash = "sha256:382f0baa044d674ad59455a5eff83d7965572b745cc72df35c52c2ce8c731d37"},
    {file = "pydantic_core-2.4.0-pp310-pypy310_pp73-win_amd64.whl", hash = "sha256:08f89697625e453421401c7f661b9d1eb4c9e4c0a12fd256eeb55b06994ac6af"},
    {file = "pydantic_core-2.4.0-pp37-pypy37_pp73-macosx_10_7_x86_64.whl", hash = "sha256:43a405ce520b45941df9ff55d0cd09762017756a7b413bbad3a6e8178e64a2c2"},
    {file = "pydantic_core-2.4.0-pp37-pypy37_pp73-manylinux_2_17_aarch64.manylinux2014_aarch64.whl", hash = "sha256:584a7a818c84767af16ce8bda5d4f7fedb37d3d231fc89928a192f567e4ef685"},
    {file = "pydantic_core-2.4.0-pp37-pypy37_pp73-manylinux_2_17_x86_64.manylinux2014_x86_64.whl", hash = "sha256:04922fea7b13cd480586fa106345fe06e43220b8327358873c22d8dfa7a711c7"},
    {file = "pydantic_core-2.4.0-pp37-pypy37_pp73-manylinux_2_5_i686.manylinux1_i686.whl", hash = "sha256:17156abac20a9feed10feec867fddd91a80819a485b0107fe61f09f2117fe5f3"},
    {file = "pydantic_core-2.4.0-pp37-pypy37_pp73-musllinux_1_1_aarch64.whl", hash = "sha256:4e562cc63b04636cde361fd47569162f1daa94c759220ff202a8129902229114"},
    {file = "pydantic_core-2.4.0-pp37-pypy37_pp73-musllinux_1_1_x86_64.whl", hash = "sha256:90f3785146f701e053bb6b9e8f53acce2c919aca91df88bd4975be0cb926eb41"},
    {file = "pydantic_core-2.4.0-pp37-pypy37_pp73-win_amd64.whl", hash = "sha256:e40b1e97edd3dc127aa53d8a5e539a3d0c227d71574d3f9ac1af02d58218a122"},
    {file = "pydantic_core-2.4.0-pp38-pypy38_pp73-macosx_10_7_x86_64.whl", hash = "sha256:b27f3e67f6e031f6620655741b7d0d6bebea8b25d415924b3e8bfef2dd7bd841"},
    {file = "pydantic_core-2.4.0-pp38-pypy38_pp73-manylinux_2_17_aarch64.manylinux2014_aarch64.whl", hash = "sha256:be86c2eb12fb0f846262ace9d8f032dc6978b8cb26a058920ecb723dbcb87d05"},
    {file = "pydantic_core-2.4.0-pp38-pypy38_pp73-manylinux_2_17_x86_64.manylinux2014_x86_64.whl", hash = "sha256:4665f7ed345012a8d2eddf4203ef145f5f56a291d010382d235b94e91813f88a"},
    {file = "pydantic_core-2.4.0-pp38-pypy38_pp73-manylinux_2_5_i686.manylinux1_i686.whl", hash = "sha256:79262be5a292d1df060f29b9a7cdd66934801f987a817632d7552534a172709a"},
    {file = "pydantic_core-2.4.0-pp38-pypy38_pp73-musllinux_1_1_aarch64.whl", hash = "sha256:5fd905a69ac74eaba5041e21a1e8b1a479dab2b41c93bdcc4c1cede3c12a8d86"},
    {file = "pydantic_core-2.4.0-pp38-pypy38_pp73-musllinux_1_1_x86_64.whl", hash = "sha256:2ad538b7e07343001934417cdc8584623b4d8823c5b8b258e75ec8d327cec969"},
    {file = "pydantic_core-2.4.0-pp38-pypy38_pp73-win_amd64.whl", hash = "sha256:dd2429f7635ad4857b5881503f9c310be7761dc681c467a9d27787b674d1250a"},
    {file = "pydantic_core-2.4.0-pp39-pypy39_pp73-macosx_10_7_x86_64.whl", hash = "sha256:efff8b6761a1f6e45cebd1b7a6406eb2723d2d5710ff0d1b624fe11313693989"},
    {file = "pydantic_core-2.4.0-pp39-pypy39_pp73-manylinux_2_17_aarch64.manylinux2014_aarch64.whl", hash = "sha256:32a1e0352558cd7ccc014ffe818c7d87b15ec6145875e2cc5fa4bb7351a1033d"},
    {file = "pydantic_core-2.4.0-pp39-pypy39_pp73-manylinux_2_17_x86_64.manylinux2014_x86_64.whl", hash = "sha256:a027f41c5008571314861744d83aff75a34cf3a07022e0be32b214a5bc93f7f1"},
    {file = "pydantic_core-2.4.0-pp39-pypy39_pp73-manylinux_2_5_i686.manylinux1_i686.whl", hash = "sha256:1927f0e15d190f11f0b8344373731e28fd774c6d676d8a6cfadc95c77214a48b"},
    {file = "pydantic_core-2.4.0-pp39-pypy39_pp73-musllinux_1_1_aarch64.whl", hash = "sha256:7aa82d483d5fb867d4fb10a138ffd57b0f1644e99f2f4f336e48790ada9ada5e"},
    {file = "pydantic_core-2.4.0-pp39-pypy39_pp73-musllinux_1_1_x86_64.whl", hash = "sha256:b85778308bf945e9b33ac604e6793df9b07933108d20bdf53811bc7c2798a4af"},
    {file = "pydantic_core-2.4.0-pp39-pypy39_pp73-win_amd64.whl", hash = "sha256:3ded19dcaefe2f6706d81e0db787b59095f4ad0fbadce1edffdf092294c8a23f"},
    {file = "pydantic_core-2.4.0.tar.gz", hash = "sha256:ec3473c9789cc00c7260d840c3db2c16dbfc816ca70ec87a00cddfa3e1a1cdd5"},
]

[package.dependencies]
typing-extensions = ">=4.6.0,<4.7.0 || >4.7.0"

[[package]]
name = "requests"
version = "2.31.0"
description = "Python HTTP for Humans."
optional = false
python-versions = ">=3.7"
files = [
    {file = "requests-2.31.0-py3-none-any.whl", hash = "sha256:58cd2187c01e70e6e26505bca751777aa9f2ee0b7f4300988b709f44e013003f"},
    {file = "requests-2.31.0.tar.gz", hash = "sha256:942c5a758f98d790eaed1a29cb6eefc7ffb0d1cf7af05c3d2791656dbd6ad1e1"},
]

[package.dependencies]
certifi = ">=2017.4.17"
charset-normalizer = ">=2,<4"
idna = ">=2.5,<4"
urllib3 = ">=1.21.1,<3"

[package.extras]
socks = ["PySocks (>=1.5.6,!=1.5.7)"]
use-chardet-on-py3 = ["chardet (>=3.0.2,<6)"]

[[package]]
name = "typing-extensions"
version = "4.7.1"
description = "Backported and Experimental Type Hints for Python 3.7+"
optional = false
python-versions = ">=3.7"
files = [
    {file = "typing_extensions-4.7.1-py3-none-any.whl", hash = "sha256:440d5dd3af93b060174bf433bccd69b0babc3b15b1a8dca43789fd7f61514b36"},
    {file = "typing_extensions-4.7.1.tar.gz", hash = "sha256:b75ddc264f0ba5615db7ba217daeb99701ad295353c45f9e95963337ceeeffb2"},
]

[[package]]
name = "urllib3"
version = "1.26.16"
description = "HTTP library with thread-safe connection pooling, file post, and more."
optional = false
python-versions = ">=2.7, !=3.0.*, !=3.1.*, !=3.2.*, !=3.3.*, !=3.4.*, !=3.5.*"
files = [
    {file = "urllib3-1.26.16-py2.py3-none-any.whl", hash = "sha256:8d36afa7616d8ab714608411b4a3b13e58f463aee519024578e062e141dce20f"},
    {file = "urllib3-1.26.16.tar.gz", hash = "sha256:8f135f6502756bde6b2a9b28989df5fbe87c9970cecaa69041edcce7f0589b14"},
]

[package.extras]
brotli = ["brotli (>=1.0.9)", "brotlicffi (>=0.8.0)", "brotlipy (>=0.6.0)"]
secure = ["certifi", "cryptography (>=1.3.4)", "idna (>=2.0.0)", "ipaddress", "pyOpenSSL (>=0.14)", "urllib3-secure-extra"]
socks = ["PySocks (>=1.5.6,!=1.5.7,<2.0)"]

[metadata]
lock-version = "2.0"
python-versions = "^3.8"
content-hash = "342cfa5b506a33fd817379dd11172c9cbd9ea4f114c929383612c2e5a434a029"
