# This file is automatically @generated by Poetry 1.6.1 and should not be changed by hand.

[[package]]
name = "openbb-core"
version = "0.1.0a1"
description = "OpenBB package with core functionality"
optional = false
python-versions = "*"
files = []

[metadata]
lock-version = "2.0"
python-versions = "^3.8"
content-hash = "d29d9adf8b88c8b492981fba7274f7b29859b2ce9abad0076230a97a3601c666"
