# This file is automatically @generated by Poetry 1.5.1 and should not be changed by hand.

[[package]]
name = "openbb-provider"
version = "0.1.1"
description = ""
optional = false
python-versions = "*"
files = []
develop = true

[package.source]
type = "directory"
url = "../openbb_providers"

[[package]]
name = "openbb-sdk-core"
version = "0.2.0"
description = ""
optional = false
python-versions = "*"
files = []
develop = true

[package.source]
type = "directory"
url = "openbb_sdk_core"

[metadata]
lock-version = "2.0"
python-versions = "^3.9"
content-hash = "9170785dd1bb8aad6bb0948bb1a5092a29fdad3d663c789953067e74a24a0d63"
